
Microsoft Visual Studio Solution File, Format Version 12.00
# Visual Studio Version 17
VisualStudioVersion = 17.7.34024.191
MinimumVisualStudioVersion = 10.0.40219.1
Project("{FAE04EC0-301F-11D3-BF4B-00C04F79EFBC}") = "AssignmentTwo", "AssignmentTwo\AssignmentTwo.csproj", "{FFAA351A-CC09-434E-B3B8-C25A725C51DF}"
EndProject
Global
	GlobalSection(SolutionConfigurationPlatforms) = preSolution
		Debug|Any CPU = Debug|Any CPU
		Release|Any CPU = Release|Any CPU
	EndGlobalSection
	GlobalSection(ProjectConfigurationPlatforms) = postSolution
		{FFAA351A-CC09-434E-B3B8-C25A725C51DF}.Debug|Any CPU.ActiveCfg = Debug|Any CPU
		{FFAA351A-CC09-434E-B3B8-C25A725C51DF}.Debug|Any CPU.Build.0 = Debug|Any CPU
		{FFAA351A-CC09-434E-B3B8-C25A725C51DF}.Release|Any CPU.ActiveCfg = Release|Any CPU
		{FFAA351A-CC09-434E-B3B8-C25A725C51DF}.Release|Any CPU.Build.0 = Release|Any CPU
	EndGlobalSection
	GlobalSection(SolutionProperties) = preSolution
		HideSolutionNode = FALSE
	EndGlobalSection
	GlobalSection(ExtensibilityGlobals) = postSolution
		SolutionGuid = {858FD0AF-B520-44CE-A49C-90E9AA375E46}
	EndGlobalSection
EndGlobal
